{
  "name": "Hack-Canada",
  "lockfileVersion": 3,
  "requires": true,
  "packages": {
    "": {
      "dependencies": {
        "eyegestures": "^1.0.0"
      }
    },
    "node_modules/eyegestures": {
      "version": "1.0.0",
      "resolved": "https://registry.npmjs.org/eyegestures/-/eyegestures-1.0.0.tgz",
      "integrity": "sha512-tb+q3/TJtUMkKPUdUjx+22uGYyXnQwQiJWAG+84NlLTmnGuo3lKWOfVowphqkJ4eXrUg0u0LhtB93Ri347tFyw==",
      "license": "SEE LICENSE IN License"
    }
  }
}
